# This file was autogenerated by Stack.
# You should not edit this file by hand.
# For more information, please see the documentation at:
#   https://docs.haskellstack.org/en/stable/lock_files

packages:
- completed:
    hackage: servant-js-0.9.4.2@sha256:ecde63703894c143ccf36b5863a4fba672c7f5e28e1fb0291c8062db727e16c5,3526
    pantry-tree:
      sha256: ddc874a106161ec1a2f41df321629b22dbf0fefad6c84f2e68aa4bddbd83a3cf
      size: 961
  original:
    hackage: servant-js-0.9.4.2@sha256:ecde63703894c143ccf36b5863a4fba672c7f5e28e1fb0291c8062db727e16c5,3526
snapshots:
- completed:
    sha256: 14ca51a9a597c32dd7804c10d079feea3d0ae40c5fbbb346cbd67b3ae49f6d01
    size: 649598
    url: https://raw.githubusercontent.com/commercialhaskell/stackage-snapshots/master/lts/20/17.yaml
  original: lts-20.17
